{
  "name": "still-waters",
  "version": "1.0.0",
  "lockfileVersion": 3,
  "requires": true,
  "packages": {
    "": {
      "name": "still-waters",
      "version": "1.0.0",
      "license": "ISC",
      "dependencies": {
        "axios": "^0.26.1",
        "follow-redirects": "^1.16.0",
        "icloud-shared-album": "^1.2.1",
        "lodash.chunk": "^4.2.0"
      },
      "devDependencies": {}
    },
    "node_modules/axios": {
      "version": "0.26.1",
      "license": "MIT",
      "dependencies": {
        "follow-redirects": "^1.14.8"
      }
    },
    "node_modules/follow-redirects": {
      "version": "1.16.0",
      "funding": [
        {
          "type": "individual",
          "url": "https://github.com/sponsors/RubenVerborgh"
        }
      ],
      "license": "MIT",
      "engines": {
        "node": ">=4.0"
      },
      "peerDependenciesMeta": {
        "debug": {
          "optional": true
        }
      }
    },
    "node_modules/icloud-shared-album": {
      "version": "1.2.1",
      "resolved": "https://registry.npmjs.org/icloud-shared-album/-/icloud-shared-album-1.2.1.tgz",
      "integrity": "sha512-ZP4G55YeZbhCdLzsUQnR0u7X24r29/NN6P6bS7eSi4EmnjIOpZnfZ/RcnBVH5QiARLpsvxxFZAmDMf95rDDwBQ==",
      "license": "MIT",
      "dependencies": {
        "axios": "^0.26.0",
        "lodash.chunk": "^4.2.0"
      },
      "bin": {
        "icloud-shared-album": "build/bin.js"
      }
    },
    "node_modules/lodash.chunk": {
      "version": "4.2.0",
      "license": "MIT"
    }
  }
}
